{
  "name": "storage",
  "version": "1.0.0",
  "lockfileVersion": 3,
  "requires": true,
  "packages": {
    "": {
      "name": "storage",
      "version": "1.0.0",
      "license": "ISC",
      "dependencies": {
        "core": "file:../../core/shared",
        "management": "file:../../management/shared",
        "modeling": "file:../../modeling/shared",
        "ressourcing": "file:../../ressourcing",
        "sools-core": "^1.0.0",
        "sools-management": "^1.0.0",
        "sools-modeling": "^1.0.0",
        "sools-ressourcing": "^1.0.0"
      }
    },
    "../../core": {
      "version": "1.0.0",
      "license": "ISC"
    },
    "../../core/shared": {
      "name": "sools-core",
      "version": "1.0.0",
      "license": "ISC",
      "devDependencies": {
        "chai": "^4.3.10",
        "mocha": "^10.2.0"
      }
    },
    "../../management/shared": {
      "name": "sools-management",
      "version": "1.0.0",
      "license": "ISC",
      "dependencies": {
        "sools-core": "^1.0.0",
        "sools-modeling": "^1.0.0",
        "sools-wiki": "^1.0.0"
      }
    },
    "../../modeling/shared": {
      "name": "sools-modeling",
      "version": "1.0.0",
      "license": "ISC",
      "dependencies": {
        "sools-core": "^1.0.0"
      },
      "devDependencies": {
        "chai": "^4.3.10",
        "mocha": "^10.2.0"
      }
    },
    "../../ressourcing": {
      "name": "sools-ressourcing",
      "version": "1.0.0",
      "license": "ISC",
      "dependencies": {
        "sools-core": "^1.0.0",
        "sools-management": "^1.0.0",
        "sools-modeling": "^1.0.0"
      }
    },
    "node_modules/core": {
      "resolved": "../../core/shared",
      "link": true
    },
    "node_modules/management": {
      "resolved": "../../management/shared",
      "link": true
    },
    "node_modules/modeling": {
      "resolved": "../../modeling/shared",
      "link": true
    },
    "node_modules/ressourcing": {
      "resolved": "../../ressourcing",
      "link": true
    },
    "node_modules/sools-core": {
      "version": "1.0.0",
      "resolved": "https://registry.npmjs.org/sools-core/-/sools-core-1.0.0.tgz",
      "integrity": "sha512-KU5ULx6TvhEKK50WxmNiMrCsnGdDB4XmiqxbVZcfrhu1GAsE7X7rFv5AorUtP/teb1oorWYdiZ3kj7HlALSTcw=="
    },
    "node_modules/sools-management": {
      "version": "1.0.0",
      "resolved": "https://registry.npmjs.org/sools-management/-/sools-management-1.0.0.tgz",
      "integrity": "sha512-ymPFg1b7YJ6j5nVZnuj56D8xPJXaIZSTUMnmm7RHTeBY6/YXBkC/n2nhSjm/Yb/P2Q6Mqu2xKgOIP6aTKGQFDw==",
      "dependencies": {
        "sools-core": "^1.0.0",
        "sools-modeling": "^1.0.0",
        "sools-wiki": "^1.0.0"
      }
    },
    "node_modules/sools-modeling": {
      "version": "1.0.0",
      "resolved": "https://registry.npmjs.org/sools-modeling/-/sools-modeling-1.0.0.tgz",
      "integrity": "sha512-pOhF+PjJvE2FAzWFIfmlHhRAFedi1JACo0pVPlCPBrgX+TA07S35rW8PMclUYhlZsRXtJpUNtKTOl40XCG+hsA==",
      "dependencies": {
        "sools-core": "^1.0.0"
      }
    },
    "node_modules/sools-ressourcing": {
      "version": "1.0.0",
      "resolved": "https://registry.npmjs.org/sools-ressourcing/-/sools-ressourcing-1.0.0.tgz",
      "integrity": "sha512-LTUqpl18cLcZamueooZ85DDocGsq1hN/Nv9pIi4iikAVsM+0F6CD+/+UP6njIqr5gg0Kv58LVM16YRO1QPlcgQ==",
      "dependencies": {
        "sools-core": "^1.0.0",
        "sools-management": "^1.0.0",
        "sools-modeling": "^1.0.0"
      }
    },
    "node_modules/sools-wiki": {
      "version": "1.0.0",
      "resolved": "https://registry.npmjs.org/sools-wiki/-/sools-wiki-1.0.0.tgz",
      "integrity": "sha512-bOK98vgjO1XB9F/d8b3LCpinXmOd3IThhlu3TAcZJAnIMijWLL/IuqyVS4kouqbm8fouv9e8GwGab9PAKeD5Dw==",
      "dependencies": {
        "sools-core": "^1.0.0",
        "sools-modeling": "^1.0.0"
      }
    }
  }
}
